// !$*UTF8*$!
{
	archiveVersion = 1;
	classes = {
	};
	objectVersion = 50;
	objects = {

/* Begin PBXBuildFile section */
		107C475F9B723C9FE029D6CF /* Pods_FlixsterTests.framework in Frameworks */ = {isa = PBXBuildFile; fileRef = CC447388B24DC6A7A0E3DD89 /* Pods_FlixsterTests.framework */; };
		1E5D1A7B25CF99C1002797CE /* AppDelegate.swift in Sources */ = {isa = PBXBuildFile; fileRef = 1E5D1A7A25CF99C1002797CE /* AppDelegate.swift */; };
		1E5D1A7D25CF99C1002797CE /* SceneDelegate.swift in Sources */ = {isa = PBXBuildFile; fileRef = 1E5D1A7C25CF99C1002797CE /* SceneDelegate.swift */; };
		1E5D1A8225CF99C1002797CE /* Main.storyboard in Resources */ = {isa = PBXBuildFile; fileRef = 1E5D1A8025CF99C1002797CE /* Main.storyboard */; };
		1E5D1A8425CF99C4002797CE /* Assets.xcassets in Resources */ = {isa = PBXBuildFile; fileRef = 1E5D1A8325CF99C4002797CE /* Assets.xcassets */; };
		1E5D1A8725CF99C4002797CE /* LaunchScreen.storyboard in Resources */ = {isa = PBXBuildFile; fileRef = 1E5D1A8525CF99C4002797CE /* LaunchScreen.storyboard */; };
		1E5D1A9225CF99C4002797CE /* FlixsterTests.swift in Sources */ = {isa = PBXBuildFile; fileRef = 1E5D1A9125CF99C4002797CE /* FlixsterTests.swift */; };
		1E5D1A9D25CF99C4002797CE /* FlixsterUITests.swift in Sources */ = {isa = PBXBuildFile; fileRef = 1E5D1A9C25CF99C4002797CE /* FlixsterUITests.swift */; };
		1E5D1AB125CFA1B8002797CE /* MoviesViewController.swift in Sources */ = {isa = PBXBuildFile; fileRef = 1E5D1AB025CFA1B8002797CE /* MoviesViewController.swift */; };
		1E93B89925D8A17F006C65B6 /* MovieCell.swift in Sources */ = {isa = PBXBuildFile; fileRef = 1E93B89825D8A17F006C65B6 /* MovieCell.swift */; };
		78A21D3F88653AF08D92209F /* Pods_Flixster.framework in Frameworks */ = {isa = PBXBuildFile; fileRef = B6ECDB0C860D84485E407BF5 /* Pods_Flixster.framework */; };
		EBA0DAFBCC69D24A65F3B4D8 /* Pods_Flixster_FlixsterUITests.framework in Frameworks */ = {isa = PBXBuildFile; fileRef = 88CD7524311172E55C0BC644 /* Pods_Flixster_FlixsterUITests.framework */; };
/* End PBXBuildFile section */

/* Begin PBXContainerItemProxy section */
		1E5D1A8E25CF99C4002797CE /* PBXContainerItemProxy */ = {
			isa = PBXContainerItemProxy;
			containerPortal = 1E5D1A6F25CF99C1002797CE /* Project object */;
			proxyType = 1;
			remoteGlobalIDString = 1E5D1A7625CF99C1002797CE;
			remoteInfo = Flixster;
		};
		1E5D1A9925CF99C4002797CE /* PBXContainerItemProxy */ = {
			isa = PBXContainerItemProxy;
			containerPortal = 1E5D1A6F25CF99C1002797CE /* Project object */;
			proxyType = 1;
			remoteGlobalIDString = 1E5D1A7625CF99C1002797CE;
			remoteInfo = Flixster;
		};
/* End PBXContainerItemProxy section */

/* Begin PBXFileReference section */
		029AA7FA2B31EA2A5E677A7C /* Pods-Flixster.release.xcconfig */ = {isa = PBXFileReference; includeInIndex = 1; lastKnownFileType = text.xcconfig; name = "Pods-Flixster.release.xcconfig"; path = "Target Support Files/Pods-Flixster/Pods-Flixster.release.xcconfig"; sourceTree = "<group>"; };
		0CB04E36A0D32E8A2EE382E3 /* Pods-Flixster.debug.xcconfig */ = {isa = PBXFileReference; includeInIndex = 1; lastKnownFileType = text.xcconfig; name = "Pods-Flixster.debug.xcconfig"; path = "Target Support Files/Pods-Flixster/Pods-Flixster.debug.xcconfig"; sourceTree = "<group>"; };
		1E5D1A7725CF99C1002797CE /* Flixster.app */ = {isa = PBXFileReference; explicitFileType = wrapper.application; includeInIndex = 0; path = Flixster.app; sourceTree = BUILT_PRODUCTS_DIR; };
		1E5D1A7A25CF99C1002797CE /* AppDelegate.swift */ = {isa = PBXFileReference; lastKnownFileType = sourcecode.swift; path = AppDelegate.swift; sourceTree = "<group>"; };
		1E5D1A7C25CF99C1002797CE /* SceneDelegate.swift */ = {isa = PBXFileReference; lastKnownFileType = sourcecode.swift; path = SceneDelegate.swift; sourceTree = "<group>"; };
		1E5D1A8125CF99C1002797CE /* Base */ = {isa = PBXFileReference; lastKnownFileType = file.storyboard; name = Base; path = Base.lproj/Main.storyboard; sourceTree = "<group>"; };
		1E5D1A8325CF99C4002797CE /* Assets.xcassets */ = {isa = PBXFileReference; lastKnownFileType = folder.assetcatalog; path = Assets.xcassets; sourceTree = "<group>"; };
		1E5D1A8625CF99C4002797CE /* Base */ = {isa = PBXFileReference; lastKnownFileType = file.storyboard; name = Base; path = Base.lproj/LaunchScreen.storyboard; sourceTree = "<group>"; };
		1E5D1A8825CF99C4002797CE /* Info.plist */ = {isa = PBXFileReference; lastKnownFileType = text.plist.xml; path = Info.plist; sourceTree = "<group>"; };
		1E5D1A8D25CF99C4002797CE /* FlixsterTests.xctest */ = {isa = PBXFileReference; explicitFileType = wrapper.cfbundle; includeInIndex = 0; path = FlixsterTests.xctest; sourceTree = BUILT_PRODUCTS_DIR; };
		1E5D1A9125CF99C4002797CE /* FlixsterTests.swift */ = {isa = PBXFileReference; lastKnownFileType = sourcecode.swift; path = FlixsterTests.swift; sourceTree = "<group>"; };
		1E5D1A9325CF99C4002797CE /* Info.plist */ = {isa = PBXFileReference; lastKnownFileType = text.plist.xml; path = Info.plist; sourceTree = "<group>"; };
		1E5D1A9825CF99C4002797CE /* FlixsterUITests.xctest */ = {isa = PBXFileReference; explicitFileType = wrapper.cfbundle; includeInIndex = 0; path = FlixsterUITests.xctest; sourceTree = BUILT_PRODUCTS_DIR; };
		1E5D1A9C25CF99C4002797CE /* FlixsterUITests.swift */ = {isa = PBXFileReference; lastKnownFileType = sourcecode.swift; path = FlixsterUITests.swift; sourceTree = "<group>"; };
		1E5D1A9E25CF99C4002797CE /* Info.plist */ = {isa = PBXFileReference; lastKnownFileType = text.plist.xml; path = Info.plist; sourceTree = "<group>"; };
		1E5D1AB025CFA1B8002797CE /* MoviesViewController.swift */ = {isa = PBXFileReference; lastKnownFileType = sourcecode.swift; path = MoviesViewController.swift; sourceTree = "<group>"; };
		1E93B89825D8A17F006C65B6 /* MovieCell.swift */ = {isa = PBXFileReference; lastKnownFileType = sourcecode.swift; path = MovieCell.swift; sourceTree = "<group>"; };
		5AC2C0D0983BAC169E4FF3AF /* Pods-Flixster-FlixsterUITests.debug.xcconfig */ = {isa = PBXFileReference; includeInIndex = 1; lastKnownFileType = text.xcconfig; name = "Pods-Flixster-FlixsterUITests.debug.xcconfig"; path = "Target Support Files/Pods-Flixster-FlixsterUITests/Pods-Flixster-FlixsterUITests.debug.xcconfig"; sourceTree = "<group>"; };
		88CD7524311172E55C0BC644 /* Pods_Flixster_FlixsterUITests.framework */ = {isa = PBXFileReference; explicitFileType = wrapper.framework; includeInIndex = 0; path = Pods_Flixster_FlixsterUITests.framework; sourceTree = BUILT_PRODUCTS_DIR; };
		B198A692DF0C7D794F9685A8 /* Pods-FlixsterTests.release.xcconfig */ = {isa = PBXFileReference; includeInIndex = 1; lastKnownFileType = text.xcconfig; name = "Pods-FlixsterTests.release.xcconfig"; path = "Target Support Files/Pods-FlixsterTests/Pods-FlixsterTests.release.xcconfig"; sourceTree = "<group>"; };
		B6ECDB0C860D84485E407BF5 /* Pods_Flixster.framework */ = {isa = PBXFileReference; explicitFileType = wrapper.framework; includeInIndex = 0; path = Pods_Flixster.framework; sourceTree = BUILT_PRODUCTS_DIR; };
		C9518462C326546E02D2AAA4 /* Pods-FlixsterTests.debug.xcconfig */ = {isa = PBXFileReference; includeInIndex = 1; lastKnownFileType = text.xcconfig; name = "Pods-FlixsterTests.debug.xcconfig"; path = "Target Support Files/Pods-FlixsterTests/Pods-FlixsterTests.debug.xcconfig"; sourceTree = "<group>"; };
		CC447388B24DC6A7A0E3DD89 /* Pods_FlixsterTests.framework */ = {isa = PBXFileReference; explicitFileType = wrapper.framework; includeInIndex = 0; path = Pods_FlixsterTests.framework; sourceTree = BUILT_PRODUCTS_DIR; };
		D2CE4CF480797E5BA7D83A49 /* Pods-Flixster-FlixsterUITests.release.xcconfig */ = {isa = PBXFileReference; includeInIndex = 1; lastKnownFileType = text.xcconfig; name = "Pods-Flixster-FlixsterUITests.release.xcconfig"; path = "Target Support Files/Pods-Flixster-FlixsterUITests/Pods-Flixster-FlixsterUITests.release.xcconfig"; sourceTree = "<group>"; };
/* End PBXFileReference section */

/* Begin PBXFrameworksBuildPhase section */
		1E5D1A7425CF99C1002797CE /* Frameworks */ = {
			isa = PBXFrameworksBuildPhase;
			buildActionMask = 2147483647;
			files = (
				78A21D3F88653AF08D92209F /* Pods_Flixster.framework in Frameworks */,
			);
			runOnlyForDeploymentPostprocessing = 0;
		};
		1E5D1A8A25CF99C4002797CE /* Frameworks */ = {
			isa = PBXFrameworksBuildPhase;
			buildActionMask = 2147483647;
			files = (
				107C475F9B723C9FE029D6CF /* Pods_FlixsterTests.framework in Frameworks */,
			);
			runOnlyForDeploymentPostprocessing = 0;
		};
		1E5D1A9525CF99C4002797CE /* Frameworks */ = {
			isa = PBXFrameworksBuildPhase;
			buildActionMask = 2147483647;
			files = (
				EBA0DAFBCC69D24A65F3B4D8 /* Pods_Flixster_FlixsterUITests.framework in Frameworks */,
			);
			runOnlyForDeploymentPostprocessing = 0;
		};
/* End PBXFrameworksBuildPhase section */

/* Begin PBXGroup section */
		1E5D1A6E25CF99C1002797CE = {
			isa = PBXGroup;
			children = (
				1E5D1A7925CF99C1002797CE /* Flixster */,
				1E5D1A9025CF99C4002797CE /* FlixsterTests */,
				1E5D1A9B25CF99C4002797CE /* FlixsterUITests */,
				1E5D1A7825CF99C1002797CE /* Products */,
				6648E14B2193BA41FD91D6B8 /* Pods */,
				FE584DF3F98A4655C768DC71 /* Frameworks */,
			);
			sourceTree = "<group>";
		};
		1E5D1A7825CF99C1002797CE /* Products */ = {
			isa = PBXGroup;
			children = (
				1E5D1A7725CF99C1002797CE /* Flixster.app */,
				1E5D1A8D25CF99C4002797CE /* FlixsterTests.xctest */,
				1E5D1A9825CF99C4002797CE /* FlixsterUITests.xctest */,
			);
			name = Products;
			sourceTree = "<group>";
		};
		1E5D1A7925CF99C1002797CE /* Flixster */ = {
			isa = PBXGroup;
			children = (
				1E5D1A7A25CF99C1002797CE /* AppDelegate.swift */,
				1E5D1A7C25CF99C1002797CE /* SceneDelegate.swift */,
				1E5D1A8025CF99C1002797CE /* Main.storyboard */,
				1E5D1AB025CFA1B8002797CE /* MoviesViewController.swift */,
				1E5D1A8325CF99C4002797CE /* Assets.xcassets */,
				1E5D1A8525CF99C4002797CE /* LaunchScreen.storyboard */,
				1E5D1A8825CF99C4002797CE /* Info.plist */,
				1E93B89825D8A17F006C65B6 /* MovieCell.swift */,
			);
			path = Flixster;
			sourceTree = "<group>";
		};
		1E5D1A9025CF99C4002797CE /* FlixsterTests */ = {
			isa = PBXGroup;
			children = (
				1E5D1A9125CF99C4002797CE /* FlixsterTests.swift */,
				1E5D1A9325CF99C4002797CE /* Info.plist */,
			);
			path = FlixsterTests;
			sourceTree = "<group>";
		};
		1E5D1A9B25CF99C4002797CE /* FlixsterUITests */ = {
			isa = PBXGroup;
			children = (
				1E5D1A9C25CF99C4002797CE /* FlixsterUITests.swift */,
				1E5D1A9E25CF99C4002797CE /* Info.plist */,
			);
			path = FlixsterUITests;
			sourceTree = "<group>";
		};
		6648E14B2193BA41FD91D6B8 /* Pods */ = {
			isa = PBXGroup;
			children = (
				0CB04E36A0D32E8A2EE382E3 /* Pods-Flixster.debug.xcconfig */,
				029AA7FA2B31EA2A5E677A7C /* Pods-Flixster.release.xcconfig */,
				5AC2C0D0983BAC169E4FF3AF /* Pods-Flixster-FlixsterUITests.debug.xcconfig */,
				D2CE4CF480797E5BA7D83A49 /* Pods-Flixster-FlixsterUITests.release.xcconfig */,
				C9518462C326546E02D2AAA4 /* Pods-FlixsterTests.debug.xcconfig */,
				B198A692DF0C7D794F9685A8 /* Pods-FlixsterTests.release.xcconfig */,
			);
			name = Pods;
			path = Pods;
			sourceTree = "<group>";
		};
		FE584DF3F98A4655C768DC71 /* Frameworks */ = {
			isa = PBXGroup;
			children = (
				B6ECDB0C860D84485E407BF5 /* Pods_Flixster.framework */,
				88CD7524311172E55C0BC644 /* Pods_Flixster_FlixsterUITests.framework */,
				CC447388B24DC6A7A0E3DD89 /* Pods_FlixsterTests.framework */,
			);
			name = Frameworks;
			sourceTree = "<group>";
		};
/* End PBXGroup section */

/* Begin PBXNativeTarget section */
		1E5D1A7625CF99C1002797CE /* Flixster */ = {
			isa = PBXNativeTarget;
			buildConfigurationList = 1E5D1AA125CF99C4002797CE /* Build configuration list for PBXNativeTarget "Flixster" */;
			buildPhases = (
				64D161242B4411F725E3F9A1 /* [CP] Check Pods Manifest.lock */,
				1E5D1A7325CF99C1002797CE /* Sources */,
				1E5D1A7425CF99C1002797CE /* Frameworks */,
				1E5D1A7525CF99C1002797CE /* Resources */,
				35517740B85589342EE9FE2C /* [CP] Embed Pods Frameworks */,
			);
			buildRules = (
			);
			dependencies = (
			);
			name = Flixster;
			productName = Flixster;
			productReference = 1E5D1A7725CF99C1002797CE /* Flixster.app */;
			productType = "com.apple.product-type.application";
		};
		1E5D1A8C25CF99C4002797CE /* FlixsterTests */ = {
			isa = PBXNativeTarget;
			buildConfigurationList = 1E5D1AA425CF99C4002797CE /* Build configuration list for PBXNativeTarget "FlixsterTests" */;
			buildPhases = (
				2F06C6F32F3DADA869C5E6F2 /* [CP] Check Pods Manifest.lock */,
				1E5D1A8925CF99C4002797CE /* Sources */,
				1E5D1A8A25CF99C4002797CE /* Frameworks */,
				1E5D1A8B25CF99C4002797CE /* Resources */,
			);
			buildRules = (
			);
			dependencies = (
				1E5D1A8F25CF99C4002797CE /* PBXTargetDependency */,
			);
			name = FlixsterTests;
			productName = FlixsterTests;
			productReference = 1E5D1A8D25CF99C4002797CE /* FlixsterTests.xctest */;
			productType = "com.apple.product-type.bundle.unit-test";
		};
		1E5D1A9725CF99C4002797CE /* FlixsterUITests */ = {
			isa = PBXNativeTarget;
			buildConfigurationList = 1E5D1AA725CF99C4002797CE /* Build configuration list for PBXNativeTarget "FlixsterUITests" */;
			buildPhases = (
				55AC85901F88266C0AD7038B /* [CP] Check Pods Manifest.lock */,
				1E5D1A9425CF99C4002797CE /* Sources */,
				1E5D1A9525CF99C4002797CE /* Frameworks */,
				1E5D1A9625CF99C4002797CE /* Resources */,
				9550B5A61AB9F8ADD73C4122 /* [CP] Embed Pods Frameworks */,
			);
			buildRules = (
			);
			dependencies = (
				1E5D1A9A25CF99C4002797CE /* PBXTargetDependency */,
			);
			name = FlixsterUITests;
			productName = FlixsterUITests;
			productReference = 1E5D1A9825CF99C4002797CE /* FlixsterUITests.xctest */;
			productType = "com.apple.product-type.bundle.ui-testing";
		};
/* End PBXNativeTarget section */

/* Begin PBXProject section */
		1E5D1A6F25CF99C1002797CE /* Project object */ = {
			isa = PBXProject;
			attributes = {
				LastSwiftUpdateCheck = 1230;
				LastUpgradeCheck = 1230;
				TargetAttributes = {
					1E5D1A7625CF99C1002797CE = {
						CreatedOnToolsVersion = 12.3;
					};
					1E5D1A8C25CF99C4002797CE = {
						CreatedOnToolsVersion = 12.3;
						TestTargetID = 1E5D1A7625CF99C1002797CE;
					};
					1E5D1A9725CF99C4002797CE = {
						CreatedOnToolsVersion = 12.3;
						TestTargetID = 1E5D1A7625CF99C1002797CE;
					};
				};
			};
			buildConfigurationList = 1E5D1A7225CF99C1002797CE /* Build configuration list for PBXProject "Flixster" */;
			compatibilityVersion = "Xcode 9.3";
			developmentRegion = en;
			hasScannedForEncodings = 0;
			knownRegions = (
				en,
				Base,
			);
			mainGroup = 1E5D1A6E25CF99C1002797CE;
			productRefGroup = 1E5D1A7825CF99C1002797CE /* Products */;
			projectDirPath = "";
			projectRoot = "";
			targets = (
				1E5D1A7625CF99C1002797CE /* Flixster */,
				1E5D1A8C25CF99C4002797CE /* FlixsterTests */,
				1E5D1A9725CF99C4002797CE /* FlixsterUITests */,
			);
		};
/* End PBXProject section */

/* Begin PBXResourcesBuildPhase section */
		1E5D1A7525CF99C1002797CE /* Resources */ = {
			isa = PBXResourcesBuildPhase;
			buildActionMask = 2147483647;
			files = (
				1E5D1A8725CF99C4002797CE /* LaunchScreen.storyboard in Resources */,
				1E5D1A8425CF99C4002797CE /* Assets.xcassets in Resources */,
				1E5D1A8225CF99C1002797CE /* Main.storyboard in Resources */,
			);
			runOnlyForDeploymentPostprocessing = 0;
		};
		1E5D1A8B25CF99C4002797CE /* Resources */ = {
			isa = PBXResourcesBuildPhase;
			buildActionMask = 2147483647;
			files = (
			);
			runOnlyForDeploymentPostprocessing = 0;
		};
		1E5D1A9625CF99C4002797CE /* Resources */ = {
			isa = PBXResourcesBuildPhase;
			buildActionMask = 2147483647;
			files = (
			);
			runOnlyForDeploymentPostprocessing = 0;
		};
/* End PBXResourcesBuildPhase section */

/* Begin PBXShellScriptBuildPhase section */
		2F06C6F32F3DADA869C5E6F2 /* [CP] Check Pods Manifest.lock */ = {
			isa = PBXShellScriptBuildPhase;
			buildActionMask = 2147483647;
			files = (
			);
			inputFileListPaths = (
			);
			inputPaths = (
				"${PODS_PODFILE_DIR_PATH}/Podfile.lock",
				"${PODS_ROOT}/Manifest.lock",
			);
			name = "[CP] Check Pods Manifest.lock";
			outputFileListPaths = (
			);
			outputPaths = (
				"$(DERIVED_FILE_DIR)/Pods-FlixsterTests-checkManifestLockResult.txt",
			);
			runOnlyForDeploymentPostprocessing = 0;
			shellPath = /bin/sh;
			shellScript = "diff \"${PODS_PODFILE_DIR_PATH}/Podfile.lock\" \"${PODS_ROOT}/Manifest.lock\" > /dev/null\nif [ $? != 0 ] ; then\n    # print error to STDERR\n    echo \"error: The sandbox is not in sync with the Podfile.lock. Run 'pod install' or update your CocoaPods installation.\" >&2\n    exit 1\nfi\n# This output is used by Xcode 'outputs' to avoid re-running this script phase.\necho \"SUCCESS\" > \"${SCRIPT_OUTPUT_FILE_0}\"\n";
			showEnvVarsInLog = 0;
		};
		35517740B85589342EE9FE2C /* [CP] Embed Pods Frameworks */ = {
			isa = PBXShellScriptBuildPhase;
			buildActionMask = 2147483647;
			files = (
			);
			inputFileListPaths = (
				"${PODS_ROOT}/Target Support Files/Pods-Flixster/Pods-Flixster-frameworks-${CONFIGURATION}-input-files.xcfilelist",
			);
			name = "[CP] Embed Pods Frameworks";
			outputFileListPaths = (
				"${PODS_ROOT}/Target Support Files/Pods-Flixster/Pods-Flixster-frameworks-${CONFIGURATION}-output-files.xcfilelist",
			);
			runOnlyForDeploymentPostprocessing = 0;
			shellPath = /bin/sh;
			shellScript = "\"${PODS_ROOT}/Target Support Files/Pods-Flixster/Pods-Flixster-frameworks.sh\"\n";
			showEnvVarsInLog = 0;
		};
		55AC85901F88266C0AD7038B /* [CP] Check Pods Manifest.lock */ = {
			isa = PBXShellScriptBuildPhase;
			buildActionMask = 2147483647;
			files = (
			);
			inputFileListPaths = (
			);
			inputPaths = (
				"${PODS_PODFILE_DIR_PATH}/Podfile.lock",
				"${PODS_ROOT}/Manifest.lock",
			);
			name = "[CP] Check Pods Manifest.lock";
			outputFileListPaths = (
			);
			outputPaths = (
				"$(DERIVED_FILE_DIR)/Pods-Flixster-FlixsterUITests-checkManifestLockResult.txt",
			);
			runOnlyForDeploymentPostprocessing = 0;
			shellPath = /bin/sh;
			shellScript = "diff \"${PODS_PODFILE_DIR_PATH}/Podfile.lock\" \"${PODS_ROOT}/Manifest.lock\" > /dev/null\nif [ $? != 0 ] ; then\n    # print error to STDERR\n    echo \"error: The sandbox is not in sync with the Podfile.lock. Run 'pod install' or update your CocoaPods installation.\" >&2\n    exit 1\nfi\n# This output is used by Xcode 'outputs' to avoid re-running this script phase.\necho \"SUCCESS\" > \"${SCRIPT_OUTPUT_FILE_0}\"\n";
			showEnvVarsInLog = 0;
		};
		64D161242B4411F725E3F9A1 /* [CP] Check Pods Manifest.lock */ = {
			isa = PBXShellScriptBuildPhase;
			buildActionMask = 2147483647;
			files = (
			);
			inputFileListPaths = (
			);
			inputPaths = (
				"${PODS_PODFILE_DIR_PATH}/Podfile.lock",
				"${PODS_ROOT}/Manifest.lock",
			);
			name = "[CP] Check Pods Manifest.lock";
			outputFileListPaths = (
			);
			outputPaths = (
				"$(DERIVED_FILE_DIR)/Pods-Flixster-checkManifestLockResult.txt",
			);
			runOnlyForDeploymentPostprocessing = 0;
			shellPath = /bin/sh;
			shellScript = "diff \"${PODS_PODFILE_DIR_PATH}/Podfile.lock\" \"${PODS_ROOT}/Manifest.lock\" > /dev/null\nif [ $? != 0 ] ; then\n    # print error to STDERR\n    echo \"error: The sandbox is not in sync with the Podfile.lock. Run 'pod install' or update your CocoaPods installation.\" >&2\n    exit 1\nfi\n# This output is used by Xcode 'outputs' to avoid re-running this script phase.\necho \"SUCCESS\" > \"${SCRIPT_OUTPUT_FILE_0}\"\n";
			showEnvVarsInLog = 0;
		};
		9550B5A61AB9F8ADD73C4122 /* [CP] Embed Pods Frameworks */ = {
			isa = PBXShellScriptBuildPhase;
			buildActionMask = 2147483647;
			files = (
			);
			inputFileListPaths = (
				"${PODS_ROOT}/Target Support Files/Pods-Flixster-FlixsterUITests/Pods-Flixster-FlixsterUITests-frameworks-${CONFIGURATION}-input-files.xcfilelist",
			);
			name = "[CP] Embed Pods Frameworks";
			outputFileListPaths = (
				"${PODS_ROOT}/Target Support Files/Pods-Flixster-FlixsterUITests/Pods-Flixster-FlixsterUITests-frameworks-${CONFIGURATION}-output-files.xcfilelist",
			);
			runOnlyForDeploymentPostprocessing = 0;
			shellPath = /bin/sh;
			shellScript = "\"${PODS_ROOT}/Target Support Files/Pods-Flixster-FlixsterUITests/Pods-Flixster-FlixsterUITests-frameworks.sh\"\n";
			showEnvVarsInLog = 0;
		};
/* End PBXShellScriptBuildPhase section */

/* Begin PBXSourcesBuildPhase section */
		1E5D1A7325CF99C1002797CE /* Sources */ = {
			isa = PBXSourcesBuildPhase;
			buildActionMask = 2147483647;
			files = (
				1E5D1A7B25CF99C1002797CE /* AppDelegate.swift in Sources */,
				1E5D1A7D25CF99C1002797CE /* SceneDelegate.swift in Sources */,
				1E93B89925D8A17F006C65B6 /* MovieCell.swift in Sources */,
				1E5D1AB125CFA1B8002797CE /* MoviesViewController.swift in Sources */,
			);
			runOnlyForDeploymentPostprocessing = 0;
		};
		1E5D1A8925CF99C4002797CE /* Sources */ = {
			isa = PBXSourcesBuildPhase;
			buildActionMask = 2147483647;
			files = (
				1E5D1A9225CF99C4002797CE /* FlixsterTests.swift in Sources */,
			);
			runOnlyForDeploymentPostprocessing = 0;
		};
		1E5D1A9425CF99C4002797CE /* Sources */ = {
			isa = PBXSourcesBuildPhase;
			buildActionMask = 2147483647;
			files = (
				1E5D1A9D25CF99C4002797CE /* FlixsterUITests.swift in Sources */,
			);
			runOnlyForDeploymentPostprocessing = 0;
		};
/* End PBXSourcesBuildPhase section */

/* Begin PBXTargetDependency section */
		1E5D1A8F25CF99C4002797CE /* PBXTargetDependency */ = {
			isa = PBXTargetDependency;
			target = 1E5D1A7625CF99C1002797CE /* Flixster */;
			targetProxy = 1E5D1A8E25CF99C4002797CE /* PBXContainerItemProxy */;
		};
		1E5D1A9A25CF99C4002797CE /* PBXTargetDependency */ = {
			isa = PBXTargetDependency;
			target = 1E5D1A7625CF99C1002797CE /* Flixster */;
			targetProxy = 1E5D1A9925CF99C4002797CE /* PBXContainerItemProxy */;
		};
/* End PBXTargetDependency section */

/* Begin PBXVariantGroup section */
		1E5D1A8025CF99C1002797CE /* Main.storyboard */ = {
			isa = PBXVariantGroup;
			children = (
				1E5D1A8125CF99C1002797CE /* Base */,
			);
			name = Main.storyboard;
			sourceTree = "<group>";
		};
		1E5D1A8525CF99C4002797CE /* LaunchScreen.storyboard */ = {
			isa = PBXVariantGroup;
			children = (
				1E5D1A8625CF99C4002797CE /* Base */,
			);
			name = LaunchScreen.storyboard;
			sourceTree = "<group>";
		};
/* End PBXVariantGroup section */

/* Begin XCBuildConfiguration section */
		1E5D1A9F25CF99C4002797CE /* Debug */ = {
			isa = XCBuildConfiguration;
			buildSettings = {
				ALWAYS_SEARCH_USER_PATHS = NO;
				CLANG_ANALYZER_NONNULL = YES;
				CLANG_ANALYZER_NUMBER_OBJECT_CONVERSION = YES_AGGRESSIVE;
				CLANG_CXX_LANGUAGE_STANDARD = "gnu++14";
				CLANG_CXX_LIBRARY = "libc++";
				CLANG_ENABLE_MODULES = YES;
				CLANG_ENABLE_OBJC_ARC = YES;
				CLANG_ENABLE_OBJC_WEAK = YES;
				CLANG_WARN_BLOCK_CAPTURE_AUTORELEASING = YES;
				CLANG_WARN_BOOL_CONVERSION = YES;
				CLANG_WARN_COMMA = YES;
				CLANG_WARN_CONSTANT_CONVERSION = YES;
				CLANG_WARN_DEPRECATED_OBJC_IMPLEMENTATIONS = YES;
				CLANG_WARN_DIRECT_OBJC_ISA_USAGE = YES_ERROR;
				CLANG_WARN_DOCUMENTATION_COMMENTS = YES;
				CLANG_WARN_EMPTY_BODY = YES;
				CLANG_WARN_ENUM_CONVERSION = YES;
				CLANG_WARN_INFINITE_RECURSION = YES;
				CLANG_WARN_INT_CONVERSION = YES;
				CLANG_WARN_NON_LITERAL_NULL_CONVERSION = YES;
				CLANG_WARN_OBJC_IMPLICIT_RETAIN_SELF = YES;
				CLANG_WARN_OBJC_LITERAL_CONVERSION = YES;
				CLANG_WARN_OBJC_ROOT_CLASS = YES_ERROR;
				CLANG_WARN_QUOTED_INCLUDE_IN_FRAMEWORK_HEADER = YES;
				CLANG_WARN_RANGE_LOOP_ANALYSIS = YES;
				CLANG_WARN_STRICT_PROTOTYPES = YES;
				CLANG_WARN_SUSPICIOUS_MOVE = YES;
				CLANG_WARN_UNGUARDED_AVAILABILITY = YES_AGGRESSIVE;
				CLANG_WARN_UNREACHABLE_CODE = YES;
				CLANG_WARN__DUPLICATE_METHOD_MATCH = YES;
				COPY_PHASE_STRIP = NO;
				DEBUG_INFORMATION_FORMAT = dwarf;
				ENABLE_STRICT_OBJC_MSGSEND = YES;
				ENABLE_TESTABILITY = YES;
				GCC_C_LANGUAGE_STANDARD = gnu11;
				GCC_DYNAMIC_NO_PIC = NO;
				GCC_NO_COMMON_BLOCKS = YES;
				GCC_OPTIMIZATION_LEVEL = 0;
				GCC_PREPROCESSOR_DEFINITIONS = (
					"DEBUG=1",
					"$(inherited)",
				);
				GCC_WARN_64_TO_32_BIT_CONVERSION = YES;
				GCC_WARN_ABOUT_RETURN_TYPE = YES_ERROR;
				GCC_WARN_UNDECLARED_SELECTOR = YES;
				GCC_WARN_UNINITIALIZED_AUTOS = YES_AGGRESSIVE;
				GCC_WARN_UNUSED_FUNCTION = YES;
				GCC_WARN_UNUSED_VARIABLE = YES;
				IPHONEOS_DEPLOYMENT_TARGET = 14.3;
				MTL_ENABLE_DEBUG_INFO = INCLUDE_SOURCE;
				MTL_FAST_MATH = YES;
				ONLY_ACTIVE_ARCH = YES;
				SDKROOT = iphoneos;
				SWIFT_ACTIVE_COMPILATION_CONDITIONS = DEBUG;
				SWIFT_OPTIMIZATION_LEVEL = "-Onone";
			};
			name = Debug;
		};
		1E5D1AA025CF99C4002797CE /* Release */ = {
			isa = XCBuildConfiguration;
			buildSettings = {
				ALWAYS_SEARCH_USER_PATHS = NO;
				CLANG_ANALYZER_NONNULL = YES;
				CLANG_ANALYZER_NUMBER_OBJECT_CONVERSION = YES_AGGRESSIVE;
				CLANG_CXX_LANGUAGE_STANDARD = "gnu++14";
				CLANG_CXX_LIBRARY = "libc++";
				CLANG_ENABLE_MODULES = YES;
				CLANG_ENABLE_OBJC_ARC = YES;
				CLANG_ENABLE_OBJC_WEAK = YES;
				CLANG_WARN_BLOCK_CAPTURE_AUTORELEASING = YES;
				CLANG_WARN_BOOL_CONVERSION = YES;
				CLANG_WARN_COMMA = YES;
				CLANG_WARN_CONSTANT_CONVERSION = YES;
				CLANG_WARN_DEPRECATED_OBJC_IMPLEMENTATIONS = YES;
				CLANG_WARN_DIRECT_OBJC_ISA_USAGE = YES_ERROR;
				CLANG_WARN_DOCUMENTATION_COMMENTS = YES;
				CLANG_WARN_EMPTY_BODY = YES;
				CLANG_WARN_ENUM_CONVERSION = YES;
				CLANG_WARN_INFINITE_RECURSION = YES;
				CLANG_WARN_INT_CONVERSION = YES;
				CLANG_WARN_NON_LITERAL_NULL_CONVERSION = YES;
				CLANG_WARN_OBJC_IMPLICIT_RETAIN_SELF = YES;
				CLANG_WARN_OBJC_LITERAL_CONVERSION = YES;
				CLANG_WARN_OBJC_ROOT_CLASS = YES_ERROR;
				CLANG_WARN_QUOTED_INCLUDE_IN_FRAMEWORK_HEADER = YES;
				CLANG_WARN_RANGE_LOOP_ANALYSIS = YES;
				CLANG_WARN_STRICT_PROTOTYPES = YES;
				CLANG_WARN_SUSPICIOUS_MOVE = YES;
				CLANG_WARN_UNGUARDED_AVAILABILITY = YES_AGGRESSIVE;
				CLANG_WARN_UNREACHABLE_CODE = YES;
				CLANG_WARN__DUPLICATE_METHOD_MATCH = YES;
				COPY_PHASE_STRIP = NO;
				DEBUG_INFORMATION_FORMAT = "dwarf-with-dsym";
				ENABLE_NS_ASSERTIONS = NO;
				ENABLE_STRICT_OBJC_MSGSEND = YES;
				GCC_C_LANGUAGE_STANDARD = gnu11;
				GCC_NO_COMMON_BLOCKS = YES;
				GCC_WARN_64_TO_32_BIT_CONVERSION = YES;
				GCC_WARN_ABOUT_RETURN_TYPE = YES_ERROR;
				GCC_WARN_UNDECLARED_SELECTOR = YES;
				GCC_WARN_UNINITIALIZED_AUTOS = YES_AGGRESSIVE;
				GCC_WARN_UNUSED_FUNCTION = YES;
				GCC_WARN_UNUSED_VARIABLE = YES;
				IPHONEOS_DEPLOYMENT_TARGET = 14.3;
				MTL_ENABLE_DEBUG_INFO = NO;
				MTL_FAST_MATH = YES;
				SDKROOT = iphoneos;
				SWIFT_COMPILATION_MODE = wholemodule;
				SWIFT_OPTIMIZATION_LEVEL = "-O";
				VALIDATE_PRODUCT = YES;
			};
			name = Release;
		};
		1E5D1AA225CF99C4002797CE /* Debug */ = {
			isa = XCBuildConfiguration;
			baseConfigurationReference = 0CB04E36A0D32E8A2EE382E3 /* Pods-Flixster.debug.xcconfig */;
			buildSettings = {
				ASSETCATALOG_COMPILER_APPICON_NAME = AppIcon;
				ASSETCATALOG_COMPILER_GLOBAL_ACCENT_COLOR_NAME = AccentColor;
				CODE_SIGN_STYLE = Automatic;
				DEVELOPMENT_TEAM = DHF6JWH35G;
				INFOPLIST_FILE = Flixster/Info.plist;
				LD_RUNPATH_SEARCH_PATHS = (
					"$(inherited)",
					"@executable_path/Frameworks",
				);
				PRODUCT_BUNDLE_IDENTIFIER = monjurrefat.Flixster;
				PRODUCT_NAME = "$(TARGET_NAME)";
				SWIFT_VERSION = 5.0;
				TARGETED_DEVICE_FAMILY = "1,2";
			};
			name = Debug;
		};
		1E5D1AA325CF99C4002797CE /* Release */ = {
			isa = XCBuildConfiguration;
			baseConfigurationReference = 029AA7FA2B31EA2A5E677A7C /* Pods-Flixster.release.xcconfig */;
			buildSettings = {
				ASSETCATALOG_COMPILER_APPICON_NAME = AppIcon;
				ASSETCATALOG_COMPILER_GLOBAL_ACCENT_COLOR_NAME = AccentColor;
				CODE_SIGN_STYLE = Automatic;
				DEVELOPMENT_TEAM = DHF6JWH35G;
				INFOPLIST_FILE = Flixster/Info.plist;
				LD_RUNPATH_SEARCH_PATHS = (
					"$(inherited)",
					"@executable_path/Frameworks",
				);
				PRODUCT_BUNDLE_IDENTIFIER = monjurrefat.Flixster;
				PRODUCT_NAME = "$(TARGET_NAME)";
				SWIFT_VERSION = 5.0;
				TARGETED_DEVICE_FAMILY = "1,2";
			};
			name = Release;
		};
		1E5D1AA525CF99C4002797CE /* Debug */ = {
			isa = XCBuildConfiguration;
			baseConfigurationReference = C9518462C326546E02D2AAA4 /* Pods-FlixsterTests.debug.xcconfig */;
			buildSettings = {
				ALWAYS_EMBED_SWIFT_STANDARD_LIBRARIES = YES;
				BUNDLE_LOADER = "$(TEST_HOST)";
				CODE_SIGN_STYLE = Automatic;
				DEVELOPMENT_TEAM = DHF6JWH35G;
				INFOPLIST_FILE = FlixsterTests/Info.plist;
				IPHONEOS_DEPLOYMENT_TARGET = 14.3;
				LD_RUNPATH_SEARCH_PATHS = (
					"$(inherited)",
					"@executable_path/Frameworks",
					"@loader_path/Frameworks",
				);
				PRODUCT_BUNDLE_IDENTIFIER = monjurrefat.FlixsterTests;
				PRODUCT_NAME = "$(TARGET_NAME)";
				SWIFT_VERSION = 5.0;
				TARGETED_DEVICE_FAMILY = "1,2";
				TEST_HOST = "$(BUILT_PRODUCTS_DIR)/Flixster.app/Flixster";
			};
			name = Debug;
		};
		1E5D1AA625CF99C4002797CE /* Release */ = {
			isa = XCBuildConfiguration;
			baseConfigurationReference = B198A692DF0C7D794F9685A8 /* Pods-FlixsterTests.release.xcconfig */;
			buildSettings = {
				ALWAYS_EMBED_SWIFT_STANDARD_LIBRARIES = YES;
				BUNDLE_LOADER = "$(TEST_HOST)";
				CODE_SIGN_STYLE = Automatic;
				DEVELOPMENT_TEAM = DHF6JWH35G;
				INFOPLIST_FILE = FlixsterTests/Info.plist;
				IPHONEOS_DEPLOYMENT_TARGET = 14.3;
				LD_RUNPATH_SEARCH_PATHS = (
					"$(inherited)",
					"@executable_path/Frameworks",
					"@loader_path/Frameworks",
				);
				PRODUCT_BUNDLE_IDENTIFIER = monjurrefat.FlixsterTests;
				PRODUCT_NAME = "$(TARGET_NAME)";
				SWIFT_VERSION = 5.0;
				TARGETED_DEVICE_FAMILY = "1,2";
				TEST_HOST = "$(BUILT_PRODUCTS_DIR)/Flixster.app/Flixster";
			};
			name = Release;
		};
		1E5D1AA825CF99C4002797CE /* Debug */ = {
			isa = XCBuildConfiguration;
			baseConfigurationReference = 5AC2C0D0983BAC169E4FF3AF /* Pods-Flixster-FlixsterUITests.debug.xcconfig */;
			buildSettings = {
				ALWAYS_EMBED_SWIFT_STANDARD_LIBRARIES = YES;
				CODE_SIGN_STYLE = Automatic;
				DEVELOPMENT_TEAM = DHF6JWH35G;
				INFOPLIST_FILE = FlixsterUITests/Info.plist;
				LD_RUNPATH_SEARCH_PATHS = (
					"$(inherited)",
					"@executable_path/Frameworks",
					"@loader_path/Frameworks",
				);
				PRODUCT_BUNDLE_IDENTIFIER = monjurrefat.FlixsterUITests;
				PRODUCT_NAME = "$(TARGET_NAME)";
				SWIFT_VERSION = 5.0;
				TARGETED_DEVICE_FAMILY = "1,2";
				TEST_TARGET_NAME = Flixster;
			};
			name = Debug;
		};
		1E5D1AA925CF99C4002797CE /* Release */ = {
			isa = XCBuildConfiguration;
			baseConfigurationReference = D2CE4CF480797E5BA7D83A49 /* Pods-Flixster-FlixsterUITests.release.xcconfig */;
			buildSettings = {
				ALWAYS_EMBED_SWIFT_STANDARD_LIBRARIES = YES;
				CODE_SIGN_STYLE = Automatic;
				DEVELOPMENT_TEAM = DHF6JWH35G;
				INFOPLIST_FILE = FlixsterUITests/Info.plist;
				LD_RUNPATH_SEARCH_PATHS = (
					"$(inherited)",
					"@executable_path/Frameworks",
					"@loader_path/Frameworks",
				);
				PRODUCT_BUNDLE_IDENTIFIER = monjurrefat.FlixsterUITests;
				PRODUCT_NAME = "$(TARGET_NAME)";
				SWIFT_VERSION = 5.0;
				TARGETED_DEVICE_FAMILY = "1,2";
				TEST_TARGET_NAME = Flixster;
			};
			name = Release;
		};
/* End XCBuildConfiguration section */

/* Begin XCConfigurationList section */
		1E5D1A7225CF99C1002797CE /* Build configuration list for PBXProject "Flixster" */ = {
			isa = XCConfigurationList;
			buildConfigurations = (
				1E5D1A9F25CF99C4002797CE /* Debug */,
				1E5D1AA025CF99C4002797CE /* Release */,
			);
			defaultConfigurationIsVisible = 0;
			defaultConfigurationName = Release;
		};
		1E5D1AA125CF99C4002797CE /* Build configuration list for PBXNativeTarget "Flixster" */ = {
			isa = XCConfigurationList;
			buildConfigurations = (
				1E5D1AA225CF99C4002797CE /* Debug */,
				1E5D1AA325CF99C4002797CE /* Release */,
			);
			defaultConfigurationIsVisible = 0;
			defaultConfigurationName = Release;
		};
		1E5D1AA425CF99C4002797CE /* Build configuration list for PBXNativeTarget "FlixsterTests" */ = {
			isa = XCConfigurationList;
			buildConfigurations = (
				1E5D1AA525CF99C4002797CE /* Debug */,
				1E5D1AA625CF99C4002797CE /* Release */,
			);
			defaultConfigurationIsVisible = 0;
			defaultConfigurationName = Release;
		};
		1E5D1AA725CF99C4002797CE /* Build configuration list for PBXNativeTarget "FlixsterUITests" */ = {
			isa = XCConfigurationList;
			buildConfigurations = (
				1E5D1AA825CF99C4002797CE /* Debug */,
				1E5D1AA925CF99C4002797CE /* Release */,
			);
			defaultConfigurationIsVisible = 0;
			defaultConfigurationName = Release;
		};
/* End XCConfigurationList section */
	};
	rootObject = 1E5D1A6F25CF99C1002797CE /* Project object */;
}
